
Microsoft Visual Studio Solution File, Format Version 12.00
# Visual Studio Version 17
VisualStudioVersion = 17.13.35825.156
MinimumVisualStudioVersion = 10.0.40219.1
Project("{FAE04EC0-301F-11D3-BF4B-00C04F79EFBC}") = "ZoneAlarmLogViewer", "import_danych\ZoneAlarmLogViewer.csproj", "{9B2DFAC9-7697-4950-BEF0-89ED9D05986C}"
EndProject
Global
	GlobalSection(SolutionConfigurationPlatforms) = preSolution
		Debug|Any CPU = Debug|Any CPU
		Release|Any CPU = Release|Any CPU
	EndGlobalSection
	GlobalSection(ProjectConfigurationPlatforms) = postSolution
		{9B2DFAC9-7697-4950-BEF0-89ED9D05986C}.Debug|Any CPU.ActiveCfg = Debug|Any CPU
		{9B2DFAC9-7697-4950-BEF0-89ED9D05986C}.Debug|Any CPU.Build.0 = Debug|Any CPU
		{9B2DFAC9-7697-4950-BEF0-89ED9D05986C}.Release|Any CPU.ActiveCfg = Release|Any CPU
		{9B2DFAC9-7697-4950-BEF0-89ED9D05986C}.Release|Any CPU.Build.0 = Release|Any CPU
	EndGlobalSection
	GlobalSection(SolutionProperties) = preSolution
		HideSolutionNode = FALSE
	EndGlobalSection
	GlobalSection(ExtensibilityGlobals) = postSolution
		SolutionGuid = {4C298405-C487-4EEA-92E5-10F4E0D1DABB}
	EndGlobalSection
EndGlobal
